
Microsoft Visual Studio Solution File, Format Version 12.00
# Visual Studio Version 16
VisualStudioVersion = 16.0.30517.126
MinimumVisualStudioVersion = 10.0.40219.1
Project("{FAE04EC0-301F-11D3-BF4B-00C04F79EFBC}") = "CoAEditor", "CoAEditor\CoAEditor.csproj", "{F84240B3-7F22-41B7-AAFE-0221CD80EC92}"
EndProject
Global
	GlobalSection(SolutionConfigurationPlatforms) = preSolution
		Debug|Any CPU = Debug|Any CPU
		Release|Any CPU = Release|Any CPU
	EndGlobalSection
	GlobalSection(ProjectConfigurationPlatforms) = postSolution
		{F84240B3-7F22-41B7-AAFE-0221CD80EC92}.Debug|Any CPU.ActiveCfg = Debug|Any CPU
		{F84240B3-7F22-41B7-AAFE-0221CD80EC92}.Debug|Any CPU.Build.0 = Debug|Any CPU
		{F84240B3-7F22-41B7-AAFE-0221CD80EC92}.Release|Any CPU.ActiveCfg = Release|Any CPU
		{F84240B3-7F22-41B7-AAFE-0221CD80EC92}.Release|Any CPU.Build.0 = Release|Any CPU
	EndGlobalSection
	GlobalSection(SolutionProperties) = preSolution
		HideSolutionNode = FALSE
	EndGlobalSection
	GlobalSection(ExtensibilityGlobals) = postSolution
		SolutionGuid = {9969AF93-064E-45EC-AED2-8164EE0306F9}
	EndGlobalSection
EndGlobal
